
Microsoft Visual Studio Solution File, Format Version 12.00
# Visual Studio Version 17
VisualStudioVersion = 17.7.34018.315
MinimumVisualStudioVersion = 10.0.40219.1
Project("{FAE04EC0-301F-11D3-BF4B-00C04F79EFBC}") = "Web API", "Web API\Web API.csproj", "{D83C9B67-7D40-4A15-98AF-2B7C69DA4664}"
EndProject
Project("{FAE04EC0-301F-11D3-BF4B-00C04F79EFBC}") = "DAL", "DAL\DAL.csproj", "{0DDCC409-B747-48E0-8D9B-45DE2C21E1A9}"
EndProject
Project("{FAE04EC0-301F-11D3-BF4B-00C04F79EFBC}") = "BL", "BL\BL.csproj", "{3FB53B5C-AE63-4C65-8E76-EA9DCC76C010}"
EndProject
Global
	GlobalSection(SolutionConfigurationPlatforms) = preSolution
		Debug|Any CPU = Debug|Any CPU
		Release|Any CPU = Release|Any CPU
	EndGlobalSection
	GlobalSection(ProjectConfigurationPlatforms) = postSolution
		{D83C9B67-7D40-4A15-98AF-2B7C69DA4664}.Debug|Any CPU.ActiveCfg = Debug|Any CPU
		{D83C9B67-7D40-4A15-98AF-2B7C69DA4664}.Debug|Any CPU.Build.0 = Debug|Any CPU
		{D83C9B67-7D40-4A15-98AF-2B7C69DA4664}.Release|Any CPU.ActiveCfg = Release|Any CPU
		{D83C9B67-7D40-4A15-98AF-2B7C69DA4664}.Release|Any CPU.Build.0 = Release|Any CPU
		{0DDCC409-B747-48E0-8D9B-45DE2C21E1A9}.Debug|Any CPU.ActiveCfg = Debug|Any CPU
		{0DDCC409-B747-48E0-8D9B-45DE2C21E1A9}.Debug|Any CPU.Build.0 = Debug|Any CPU
		{0DDCC409-B747-48E0-8D9B-45DE2C21E1A9}.Release|Any CPU.ActiveCfg = Release|Any CPU
		{0DDCC409-B747-48E0-8D9B-45DE2C21E1A9}.Release|Any CPU.Build.0 = Release|Any CPU
		{3FB53B5C-AE63-4C65-8E76-EA9DCC76C010}.Debug|Any CPU.ActiveCfg = Debug|Any CPU
		{3FB53B5C-AE63-4C65-8E76-EA9DCC76C010}.Debug|Any CPU.Build.0 = Debug|Any CPU
		{3FB53B5C-AE63-4C65-8E76-EA9DCC76C010}.Release|Any CPU.ActiveCfg = Release|Any CPU
		{3FB53B5C-AE63-4C65-8E76-EA9DCC76C010}.Release|Any CPU.Build.0 = Release|Any CPU
	EndGlobalSection
	GlobalSection(SolutionProperties) = preSolution
		HideSolutionNode = FALSE
	EndGlobalSection
	GlobalSection(ExtensibilityGlobals) = postSolution
		SolutionGuid = {C7920C5C-74F6-4D3B-BD62-FDB984E55C68}
	EndGlobalSection
EndGlobal
